// !$*UTF8*$!
{
	archiveVersion = 1;
	classes = {
	};
	objectVersion = 77;
	objects = {

/* Begin PBXContainerItemProxy section */
		30CB0CEF2E7B74CD007DC9E5 /* PBXContainerItemProxy */ = {
			isa = PBXContainerItemProxy;
			containerPortal = 30CB0CCF2E7B74CC007DC9E5 /* Project object */;
			proxyType = 1;
			remoteGlobalIDString = 30CB0CD62E7B74CC007DC9E5;
			remoteInfo = TheGuide;
		};
		30CB0CF92E7B74CD007DC9E5 /* PBXContainerItemProxy */ = {
			isa = PBXContainerItemProxy;
			containerPortal = 30CB0CCF2E7B74CC007DC9E5 /* Project object */;
			proxyType = 1;
			remoteGlobalIDString = 30CB0CD62E7B74CC007DC9E5;
			remoteInfo = TheGuide;
		};
/* End PBXContainerItemProxy section */

/* Begin PBXFileReference section */
		30CB0CD72E7B74CC007DC9E5 /* TheGuide.app */ = {isa = PBXFileReference; explicitFileType = wrapper.application; includeInIndex = 0; path = TheGuide.app; sourceTree = BUILT_PRODUCTS_DIR; };
		30CB0CEE2E7B74CD007DC9E5 /* TheGuideTests.xctest */ = {isa = PBXFileReference; explicitFileType = wrapper.cfbundle; includeInIndex = 0; path = TheGuideTests.xctest; sourceTree = BUILT_PRODUCTS_DIR; };
		30CB0CF82E7B74CD007DC9E5 /* TheGuideUITests.xctest */ = {isa = PBXFileReference; explicitFileType = wrapper.cfbundle; includeInIndex = 0; path = TheGuideUITests.xctest; sourceTree = BUILT_PRODUCTS_DIR; };
/* End PBXFileReference section */

/* Begin PBXFileSystemSynchronizedBuildFileExceptionSet section */
		30CB0D002E7B74CD007DC9E5 /* Exceptions for "TheGuide" folder in "TheGuide" target */ = {
			isa = PBXFileSystemSynchronizedBuildFileExceptionSet;
			membershipExceptions = (
				Info.plist,
			);
			target = 30CB0CD62E7B74CC007DC9E5 /* TheGuide */;
		};
/* End PBXFileSystemSynchronizedBuildFileExceptionSet section */

/* Begin PBXFileSystemSynchronizedRootGroup section */
		30CB0CD92E7B74CC007DC9E5 /* TheGuide */ = {
			isa = PBXFileSystemSynchronizedRootGroup;
			exceptions = (
				30CB0D002E7B74CD007DC9E5 /* Exceptions for "TheGuide" folder in "TheGuide" target */,
			);
			path = TheGuide;
			sourceTree = "<group>";
		};
		30CB0CF12E7B74CD007DC9E5 /* TheGuideTests */ = {
			isa = PBXFileSystemSynchronizedRootGroup;
			path = TheGuideTests;
			sourceTree = "<group>";
		};
		30CB0CFB2E7B74CD007DC9E5 /* TheGuideUITests */ = {
			isa = PBXFileSystemSynchronizedRootGroup;
			path = TheGuideUITests;
			sourceTree = "<group>";
		};
/* End PBXFileSystemSynchronizedRootGroup section */

/* Begin PBXFrameworksBuildPhase section */
		30CB0CD42E7B74CC007DC9E5 /* Frameworks */ = {
			isa = PBXFrameworksBuildPhase;
			buildActionMask = 2147483647;
			files = (
			);
			runOnlyForDeploymentPostprocessing = 0;
		};
		30CB0CEB2E7B74CD007DC9E5 /* Frameworks */ = {
			isa = PBXFrameworksBuildPhase;
			buildActionMask = 2147483647;
			files = (
			);
			runOnlyForDeploymentPostprocessing = 0;
		};
		30CB0CF52E7B74CD007DC9E5 /* Frameworks */ = {
			isa = PBXFrameworksBuildPhase;
			buildActionMask = 2147483647;
			files = (
			);
			runOnlyForDeploymentPostprocessing = 0;
		};
/* End PBXFrameworksBuildPhase section */

/* Begin PBXGroup section */
		30CB0CCE2E7B74CC007DC9E5 = {
			isa = PBXGroup;
			children = (
				30CB0CD92E7B74CC007DC9E5 /* TheGuide */,
				30CB0CF12E7B74CD007DC9E5 /* TheGuideTests */,
				30CB0CFB2E7B74CD007DC9E5 /* TheGuideUITests */,
				30CB0CD82E7B74CC007DC9E5 /* Products */,
			);
			sourceTree = "<group>";
		};
		30CB0CD82E7B74CC007DC9E5 /* Products */ = {
			isa = PBXGroup;
			children = (
				30CB0CD72E7B74CC007DC9E5 /* TheGuide.app */,
				30CB0CEE2E7B74CD007DC9E5 /* TheGuideTests.xctest */,
				30CB0CF82E7B74CD007DC9E5 /* TheGuideUITests.xctest */,
			);
			name = Products;
			sourceTree = "<group>";
		};
/* End PBXGroup section */

/* Begin PBXNativeTarget section */
		30CB0CD62E7B74CC007DC9E5 /* TheGuide */ = {
			isa = PBXNativeTarget;
			buildConfigurationList = 30CB0D012E7B74CD007DC9E5 /* Build configuration list for PBXNativeTarget "TheGuide" */;
			buildPhases = (
				30CB0CD32E7B74CC007DC9E5 /* Sources */,
				30CB0CD42E7B74CC007DC9E5 /* Frameworks */,
				30CB0CD52E7B74CC007DC9E5 /* Resources */,
			);
			buildRules = (
			);
			dependencies = (
			);
			fileSystemSynchronizedGroups = (
				30CB0CD92E7B74CC007DC9E5 /* TheGuide */,
			);
			name = TheGuide;
			packageProductDependencies = (
			);
			productName = TheGuide;
			productReference = 30CB0CD72E7B74CC007DC9E5 /* TheGuide.app */;
			productType = "com.apple.product-type.application";
		};
		30CB0CED2E7B74CD007DC9E5 /* TheGuideTests */ = {
			isa = PBXNativeTarget;
			buildConfigurationList = 30CB0D062E7B74CD007DC9E5 /* Build configuration list for PBXNativeTarget "TheGuideTests" */;
			buildPhases = (
				30CB0CEA2E7B74CD007DC9E5 /* Sources */,
				30CB0CEB2E7B74CD007DC9E5 /* Frameworks */,
				30CB0CEC2E7B74CD007DC9E5 /* Resources */,
			);
			buildRules = (
			);
			dependencies = (
				30CB0CF02E7B74CD007DC9E5 /* PBXTargetDependency */,
			);
			fileSystemSynchronizedGroups = (
				30CB0CF12E7B74CD007DC9E5 /* TheGuideTests */,
			);
			name = TheGuideTests;
			packageProductDependencies = (
			);
			productName = TheGuideTests;
			productReference = 30CB0CEE2E7B74CD007DC9E5 /* TheGuideTests.xctest */;
			productType = "com.apple.product-type.bundle.unit-test";
		};
		30CB0CF72E7B74CD007DC9E5 /* TheGuideUITests */ = {
			isa = PBXNativeTarget;
			buildConfigurationList = 30CB0D092E7B74CD007DC9E5 /* Build configuration list for PBXNativeTarget "TheGuideUITests" */;
			buildPhases = (
				30CB0CF42E7B74CD007DC9E5 /* Sources */,
				30CB0CF52E7B74CD007DC9E5 /* Frameworks */,
				30CB0CF62E7B74CD007DC9E5 /* Resources */,
			);
			buildRules = (
			);
			dependencies = (
				30CB0CFA2E7B74CD007DC9E5 /* PBXTargetDependency */,
			);
			fileSystemSynchronizedGroups = (
				30CB0CFB2E7B74CD007DC9E5 /* TheGuideUITests */,
			);
			name = TheGuideUITests;
			packageProductDependencies = (
			);
			productName = TheGuideUITests;
			productReference = 30CB0CF82E7B74CD007DC9E5 /* TheGuideUITests.xctest */;
			productType = "com.apple.product-type.bundle.ui-testing";
		};
/* End PBXNativeTarget section */

/* Begin PBXProject section */
		30CB0CCF2E7B74CC007DC9E5 /* Project object */ = {
			isa = PBXProject;
			attributes = {
				BuildIndependentTargetsInParallel = 1;
				LastSwiftUpdateCheck = 1600;
				LastUpgradeCheck = 1600;
				TargetAttributes = {
					30CB0CD62E7B74CC007DC9E5 = {
						CreatedOnToolsVersion = 16.0;
					};
					30CB0CED2E7B74CD007DC9E5 = {
						CreatedOnToolsVersion = 16.0;
						TestTargetID = 30CB0CD62E7B74CC007DC9E5;
					};
					30CB0CF72E7B74CD007DC9E5 = {
						CreatedOnToolsVersion = 16.0;
						TestTargetID = 30CB0CD62E7B74CC007DC9E5;
					};
				};
			};
			buildConfigurationList = 30CB0CD22E7B74CC007DC9E5 /* Build configuration list for PBXProject "TheGuide" */;
			developmentRegion = en;
			hasScannedForEncodings = 0;
			knownRegions = (
				en,
				Base,
			);
			mainGroup = 30CB0CCE2E7B74CC007DC9E5;
			minimizedProjectReferenceProxies = 1;
			preferredProjectObjectVersion = 77;
			productRefGroup = 30CB0CD82E7B74CC007DC9E5 /* Products */;
			projectDirPath = "";
			projectRoot = "";
			targets = (
				30CB0CD62E7B74CC007DC9E5 /* TheGuide */,
				30CB0CED2E7B74CD007DC9E5 /* TheGuideTests */,
				30CB0CF72E7B74CD007DC9E5 /* TheGuideUITests */,
			);
		};
/* End PBXProject section */

/* Begin PBXResourcesBuildPhase section */
		30CB0CD52E7B74CC007DC9E5 /* Resources */ = {
			isa = PBXResourcesBuildPhase;
			buildActionMask = 2147483647;
			files = (
			);
			runOnlyForDeploymentPostprocessing = 0;
		};
		30CB0CEC2E7B74CD007DC9E5 /* Resources */ = {
			isa = PBXResourcesBuildPhase;
			buildActionMask = 2147483647;
			files = (
			);
			runOnlyForDeploymentPostprocessing = 0;
		};
		30CB0CF62E7B74CD007DC9E5 /* Resources */ = {
			isa = PBXResourcesBuildPhase;
			buildActionMask = 2147483647;
			files = (
			);
			runOnlyForDeploymentPostprocessing = 0;
		};
/* End PBXResourcesBuildPhase section */

/* Begin PBXSourcesBuildPhase section */
		30CB0CD32E7B74CC007DC9E5 /* Sources */ = {
			isa = PBXSourcesBuildPhase;
			buildActionMask = 2147483647;
			files = (
			);
			runOnlyForDeploymentPostprocessing = 0;
		};
		30CB0CEA2E7B74CD007DC9E5 /* Sources */ = {
			isa = PBXSourcesBuildPhase;
			buildActionMask = 2147483647;
			files = (
			);
			runOnlyForDeploymentPostprocessing = 0;
		};
		30CB0CF42E7B74CD007DC9E5 /* Sources */ = {
			isa = PBXSourcesBuildPhase;
			buildActionMask = 2147483647;
			files = (
			);
			runOnlyForDeploymentPostprocessing = 0;
		};
/* End PBXSourcesBuildPhase section */

/* Begin PBXTargetDependency section */
		30CB0CF02E7B74CD007DC9E5 /* PBXTargetDependency */ = {
			isa = PBXTargetDependency;
			target = 30CB0CD62E7B74CC007DC9E5 /* TheGuide */;
			targetProxy = 30CB0CEF2E7B74CD007DC9E5 /* PBXContainerItemProxy */;
		};
		30CB0CFA2E7B74CD007DC9E5 /* PBXTargetDependency */ = {
			isa = PBXTargetDependency;
			target = 30CB0CD62E7B74CC007DC9E5 /* TheGuide */;
			targetProxy = 30CB0CF92E7B74CD007DC9E5 /* PBXContainerItemProxy */;
		};
/* End PBXTargetDependency section */

/* Begin XCBuildConfiguration section */
		30CB0D022E7B74CD007DC9E5 /* Debug */ = {
			isa = XCBuildConfiguration;
			buildSettings = {
				ASSETCATALOG_COMPILER_APPICON_NAME = AppIcon;
				ASSETCATALOG_COMPILER_GLOBAL_ACCENT_COLOR_NAME = AccentColor;
				CODE_SIGN_ENTITLEMENTS = TheGuide/TheGuide.entitlements;
				CODE_SIGN_STYLE = Automatic;
				CURRENT_PROJECT_VERSION = 1;
				DEVELOPMENT_ASSET_PATHS = "\"TheGuide/Preview Content\"";
				DEVELOPMENT_TEAM = 68KAJHK5BH;
				ENABLE_PREVIEWS = YES;
				GENERATE_INFOPLIST_FILE = YES;
				INFOPLIST_FILE = TheGuide/Info.plist;
				INFOPLIST_KEY_UIApplicationSceneManifest_Generation = YES;
				INFOPLIST_KEY_UIApplicationSupportsIndirectInputEvents = YES;
				INFOPLIST_KEY_UILaunchScreen_Generation = YES;
				INFOPLIST_KEY_UISupportedInterfaceOrientations_iPad = "UIInterfaceOrientationPortrait UIInterfaceOrientationPortraitUpsideDown UIInterfaceOrientationLandscapeLeft UIInterfaceOrientationLandscapeRight";
				INFOPLIST_KEY_UISupportedInterfaceOrientations_iPhone = "UIInterfaceOrientationPortrait UIInterfaceOrientationLandscapeLeft UIInterfaceOrientationLandscapeRight";
				LD_RUNPATH_SEARCH_PATHS = (
					"$(inherited)",
					"@executable_path/Frameworks",
				);
				MARKETING_VERSION = 1.0;
				PRODUCT_BUNDLE_IDENTIFIER = com.voxmatch.app.TheGuide;
				PRODUCT_NAME = "$(TARGET_NAME)";
				SWIFT_EMIT_LOC_STRINGS = YES;
				SWIFT_VERSION = 5.0;
				TARGETED_DEVICE_FAMILY = "1,2";
			};
			name = Debug;
		};
		30CB0D032E7B74CD007DC9E5 /* Release */ = {
			isa = XCBuildConfiguration;
			buildSettings = {
				ASSETCATALOG_COMPILER_APPICON_NAME = AppIcon;
				ASSETCATALOG_COMPILER_GLOBAL_ACCENT_COLOR_NAME = AccentColor;
				CODE_SIGN_ENTITLEMENTS = TheGuide/TheGuide.entitlements;
				CODE_SIGN_STYLE = Automatic;
				CURRENT_PROJECT_VERSION = 1;
				DEVELOPMENT_ASSET_PATHS = "\"TheGuide/Preview Content\"";
				DEVELOPMENT_TEAM = 68KAJHK5BH;
				ENABLE_PREVIEWS = YES;
				GENERATE_INFOPLIST_FILE = YES;
				INFOPLIST_FILE = TheGuide/Info.plist;
				INFOPLIST_KEY_UIApplicationSceneManifest_Generation = YES;
				INFOPLIST_KEY_UIApplicationSupportsIndirectInputEvents = YES;
				INFOPLIST_KEY_UILaunchScreen_Generation = YES;
				INFOPLIST_KEY_UISupportedInterfaceOrientations_iPad = "UIInterfaceOrientationPortrait UIInterfaceOrientationPortraitUpsideDown UIInterfaceOrientationLandscapeLeft UIInterfaceOrientationLandscapeRight";
				INFOPLIST_KEY_UISupportedInterfaceOrientations_iPhone = "UIInterfaceOrientationPortrait UIInterfaceOrientationLandscapeLeft UIInterfaceOrientationLandscapeRight";
				LD_RUNPATH_SEARCH_PATHS = (
					"$(inherited)",
					"@executable_path/Frameworks",
				);
				MARKETING_VERSION = 1.0;
				PRODUCT_BUNDLE_IDENTIFIER = com.voxmatch.app.TheGuide;
				PRODUCT_NAME = "$(TARGET_NAME)";
				SWIFT_EMIT_LOC_STRINGS = YES;
				SWIFT_VERSION = 5.0;
				TARGETED_DEVICE_FAMILY = "1,2";
			};
			name = Release;
		};
		30CB0D042E7B74CD007DC9E5 /* Debug */ = {
			isa = XCBuildConfiguration;
			buildSettings = {
				ALWAYS_SEARCH_USER_PATHS = NO;
				ASSETCATALOG_COMPILER_GENERATE_SWIFT_ASSET_SYMBOL_EXTENSIONS = YES;
				CLANG_ANALYZER_NONNULL = YES;
				CLANG_ANALYZER_NUMBER_OBJECT_CONVERSION = YES_AGGRESSIVE;
				CLANG_CXX_LANGUAGE_STANDARD = "gnu++20";
				CLANG_ENABLE_MODULES = YES;
				CLANG_ENABLE_OBJC_ARC = YES;
				CLANG_ENABLE_OBJC_WEAK = YES;
				CLANG_WARN_BLOCK_CAPTURE_AUTORELEASING = YES;
				CLANG_WARN_BOOL_CONVERSION = YES;
				CLANG_WARN_COMMA = YES;
				CLANG_WARN_CONSTANT_CONVERSION = YES;
				CLANG_WARN_DEPRECATED_OBJC_IMPLEMENTATIONS = YES;
				CLANG_WARN_DIRECT_OBJC_ISA_USAGE = YES_ERROR;
				CLANG_WARN_DOCUMENTATION_COMMENTS = YES;
				CLANG_WARN_EMPTY_BODY = YES;
				CLANG_WARN_ENUM_CONVERSION = YES;
				CLANG_WARN_INFINITE_RECURSION = YES;
				CLANG_WARN_INT_CONVERSION = YES;
				CLANG_WARN_NON_LITERAL_NULL_CONVERSION = YES;
				CLANG_WARN_OBJC_IMPLICIT_RETAIN_SELF = YES;
				CLANG_WARN_OBJC_LITERAL_CONVERSION = YES;
				CLANG_WARN_OBJC_ROOT_CLASS = YES_ERROR;
				CLANG_WARN_QUOTED_INCLUDE_IN_FRAMEWORK_HEADER = YES;
				CLANG_WARN_RANGE_LOOP_ANALYSIS = YES;
				CLANG_WARN_STRICT_PROTOTYPES = YES;
				CLANG_WARN_SUSPICIOUS_MOVE = YES;
				CLANG_WARN_UNGUARDED_AVAILABILITY = YES_AGGRESSIVE;
				CLANG_WARN_UNREACHABLE_CODE = YES;
				CLANG_WARN__DUPLICATE_METHOD_MATCH = YES;
				COPY_PHASE_STRIP = NO;
				DEBUG_INFORMATION_FORMAT = dwarf;
				ENABLE_STRICT_OBJC_MSGSEND = YES;
				ENABLE_TESTABILITY = YES;
				ENABLE_USER_SCRIPT_SANDBOXING = YES;
				GCC_C_LANGUAGE_STANDARD = gnu17;
				GCC_DYNAMIC_NO_PIC = NO;
				GCC_NO_COMMON_BLOCKS = YES;
				GCC_OPTIMIZATION_LEVEL = 0;
				GCC_PREPROCESSOR_DEFINITIONS = (
					"DEBUG=1",
					"$(inherited)",
				);
				GCC_WARN_64_TO_32_BIT_CONVERSION = YES;
				GCC_WARN_ABOUT_RETURN_TYPE = YES_ERROR;
				GCC_WARN_UNDECLARED_SELECTOR = YES;
				GCC_WARN_UNINITIALIZED_AUTOS = YES_AGGRESSIVE;
				GCC_WARN_UNUSED_FUNCTION = YES;
				GCC_WARN_UNUSED_VARIABLE = YES;
				IPHONEOS_DEPLOYMENT_TARGET = 18.0;
				LOCALIZATION_PREFERS_STRING_CATALOGS = YES;
				MTL_ENABLE_DEBUG_INFO = INCLUDE_SOURCE;
				MTL_FAST_MATH = YES;
				ONLY_ACTIVE_ARCH = YES;
				SDKROOT = iphoneos;
				SWIFT_ACTIVE_COMPILATION_CONDITIONS = "DEBUG $(inherited)";
				SWIFT_OPTIMIZATION_LEVEL = "-Onone";
			};
			name = Debug;
		};
		30CB0D052E7B74CD007DC9E5 /* Release */ = {
			isa = XCBuildConfiguration;
			buildSettings = {
				ALWAYS_SEARCH_USER_PATHS = NO;
				ASSETCATALOG_COMPILER_GENERATE_SWIFT_ASSET_SYMBOL_EXTENSIONS = YES;
				CLANG_ANALYZER_NONNULL = YES;
				CLANG_ANALYZER_NUMBER_OBJECT_CONVERSION = YES_AGGRESSIVE;
				CLANG_CXX_LANGUAGE_STANDARD = "gnu++20";
				CLANG_ENABLE_MODULES = YES;
				CLANG_ENABLE_OBJC_ARC = YES;
				CLANG_ENABLE_OBJC_WEAK = YES;
				CLANG_WARN_BLOCK_CAPTURE_AUTORELEASING = YES;
				CLANG_WARN_BOOL_CONVERSION = YES;
				CLANG_WARN_COMMA = YES;
				CLANG_WARN_CONSTANT_CONVERSION = YES;
				CLANG_WARN_DEPRECATED_OBJC_IMPLEMENTATIONS = YES;
				CLANG_WARN_DIRECT_OBJC_ISA_USAGE = YES_ERROR;
				CLANG_WARN_DOCUMENTATION_COMMENTS = YES;
				CLANG_WARN_EMPTY_BODY = YES;
				CLANG_WARN_ENUM_CONVERSION = YES;
				CLANG_WARN_INFINITE_RECURSION = YES;
				CLANG_WARN_INT_CONVERSION = YES;
				CLANG_WARN_NON_LITERAL_NULL_CONVERSION = YES;
				CLANG_WARN_OBJC_IMPLICIT_RETAIN_SELF = YES;
				CLANG_WARN_OBJC_LITERAL_CONVERSION = YES;
				CLANG_WARN_OBJC_ROOT_CLASS = YES_ERROR;
				CLANG_WARN_QUOTED_INCLUDE_IN_FRAMEWORK_HEADER = YES;
				CLANG_WARN_RANGE_LOOP_ANALYSIS = YES;
				CLANG_WARN_STRICT_PROTOTYPES = YES;
				CLANG_WARN_SUSPICIOUS_MOVE = YES;
				CLANG_WARN_UNGUARDED_AVAILABILITY = YES_AGGRESSIVE;
				CLANG_WARN_UNREACHABLE_CODE = YES;
				CLANG_WARN__DUPLICATE_METHOD_MATCH = YES;
				COPY_PHASE_STRIP = NO;
				DEBUG_INFORMATION_FORMAT = "dwarf-with-dsym";
				ENABLE_NS_ASSERTIONS = NO;
				ENABLE_STRICT_OBJC_MSGSEND = YES;
				ENABLE_USER_SCRIPT_SANDBOXING = YES;
				GCC_C_LANGUAGE_STANDARD = gnu17;
				GCC_NO_COMMON_BLOCKS = YES;
				GCC_WARN_64_TO_32_BIT_CONVERSION = YES;
				GCC_WARN_ABOUT_RETURN_TYPE = YES_ERROR;
				GCC_WARN_UNDECLARED_SELECTOR = YES;
				GCC_WARN_UNINITIALIZED_AUTOS = YES_AGGRESSIVE;
				GCC_WARN_UNUSED_FUNCTION = YES;
				GCC_WARN_UNUSED_VARIABLE = YES;
				IPHONEOS_DEPLOYMENT_TARGET = 18.0;
				LOCALIZATION_PREFERS_STRING_CATALOGS = YES;
				MTL_ENABLE_DEBUG_INFO = NO;
				MTL_FAST_MATH = YES;
				SDKROOT = iphoneos;
				SWIFT_COMPILATION_MODE = wholemodule;
				VALIDATE_PRODUCT = YES;
			};
			name = Release;
		};
		30CB0D072E7B74CD007DC9E5 /* Debug */ = {
			isa = XCBuildConfiguration;
			buildSettings = {
				BUNDLE_LOADER = "$(TEST_HOST)";
				CODE_SIGN_STYLE = Automatic;
				CURRENT_PROJECT_VERSION = 1;
				DEVELOPMENT_TEAM = 68KAJHK5BH;
				GENERATE_INFOPLIST_FILE = YES;
				IPHONEOS_DEPLOYMENT_TARGET = 18.0;
				MARKETING_VERSION = 1.0;
				PRODUCT_BUNDLE_IDENTIFIER = com.voxmatch.app.TheGuideTests;
				PRODUCT_NAME = "$(TARGET_NAME)";
				SWIFT_EMIT_LOC_STRINGS = NO;
				SWIFT_VERSION = 5.0;
				TARGETED_DEVICE_FAMILY = "1,2";
				TEST_HOST = "$(BUILT_PRODUCTS_DIR)/TheGuide.app/$(BUNDLE_EXECUTABLE_FOLDER_PATH)/TheGuide";
			};
			name = Debug;
		};
		30CB0D082E7B74CD007DC9E5 /* Release */ = {
			isa = XCBuildConfiguration;
			buildSettings = {
				BUNDLE_LOADER = "$(TEST_HOST)";
				CODE_SIGN_STYLE = Automatic;
				CURRENT_PROJECT_VERSION = 1;
				DEVELOPMENT_TEAM = 68KAJHK5BH;
				GENERATE_INFOPLIST_FILE = YES;
				IPHONEOS_DEPLOYMENT_TARGET = 18.0;
				MARKETING_VERSION = 1.0;
				PRODUCT_BUNDLE_IDENTIFIER = com.voxmatch.app.TheGuideTests;
				PRODUCT_NAME = "$(TARGET_NAME)";
				SWIFT_EMIT_LOC_STRINGS = NO;
				SWIFT_VERSION = 5.0;
				TARGETED_DEVICE_FAMILY = "1,2";
				TEST_HOST = "$(BUILT_PRODUCTS_DIR)/TheGuide.app/$(BUNDLE_EXECUTABLE_FOLDER_PATH)/TheGuide";
			};
			name = Release;
		};
		30CB0D0A2E7B74CD007DC9E5 /* Debug */ = {
			isa = XCBuildConfiguration;
			buildSettings = {
				CODE_SIGN_STYLE = Automatic;
				CURRENT_PROJECT_VERSION = 1;
				DEVELOPMENT_TEAM = 68KAJHK5BH;
				GENERATE_INFOPLIST_FILE = YES;
				MARKETING_VERSION = 1.0;
				PRODUCT_BUNDLE_IDENTIFIER = com.voxmatch.app.TheGuideUITests;
				PRODUCT_NAME = "$(TARGET_NAME)";
				SWIFT_EMIT_LOC_STRINGS = NO;
				SWIFT_VERSION = 5.0;
				TARGETED_DEVICE_FAMILY = "1,2";
				TEST_TARGET_NAME = TheGuide;
			};
			name = Debug;
		};
		30CB0D0B2E7B74CD007DC9E5 /* Release */ = {
			isa = XCBuildConfiguration;
			buildSettings = {
				CODE_SIGN_STYLE = Automatic;
				CURRENT_PROJECT_VERSION = 1;
				DEVELOPMENT_TEAM = 68KAJHK5BH;
				GENERATE_INFOPLIST_FILE = YES;
				MARKETING_VERSION = 1.0;
				PRODUCT_BUNDLE_IDENTIFIER = com.voxmatch.app.TheGuideUITests;
				PRODUCT_NAME = "$(TARGET_NAME)";
				SWIFT_EMIT_LOC_STRINGS = NO;
				SWIFT_VERSION = 5.0;
				TARGETED_DEVICE_FAMILY = "1,2";
				TEST_TARGET_NAME = TheGuide;
			};
			name = Release;
		};
/* End XCBuildConfiguration section */

/* Begin XCConfigurationList section */
		30CB0CD22E7B74CC007DC9E5 /* Build configuration list for PBXProject "TheGuide" */ = {
			isa = XCConfigurationList;
			buildConfigurations = (
				30CB0D042E7B74CD007DC9E5 /* Debug */,
				30CB0D052E7B74CD007DC9E5 /* Release */,
			);
			defaultConfigurationIsVisible = 0;
			defaultConfigurationName = Release;
		};
		30CB0D012E7B74CD007DC9E5 /* Build configuration list for PBXNativeTarget "TheGuide" */ = {
			isa = XCConfigurationList;
			buildConfigurations = (
				30CB0D022E7B74CD007DC9E5 /* Debug */,
				30CB0D032E7B74CD007DC9E5 /* Release */,
			);
			defaultConfigurationIsVisible = 0;
			defaultConfigurationName = Release;
		};
		30CB0D062E7B74CD007DC9E5 /* Build configuration list for PBXNativeTarget "TheGuideTests" */ = {
			isa = XCConfigurationList;
			buildConfigurations = (
				30CB0D072E7B74CD007DC9E5 /* Debug */,
				30CB0D082E7B74CD007DC9E5 /* Release */,
			);
			defaultConfigurationIsVisible = 0;
			defaultConfigurationName = Release;
		};
		30CB0D092E7B74CD007DC9E5 /* Build configuration list for PBXNativeTarget "TheGuideUITests" */ = {
			isa = XCConfigurationList;
			buildConfigurations = (
				30CB0D0A2E7B74CD007DC9E5 /* Debug */,
				30CB0D0B2E7B74CD007DC9E5 /* Release */,
			);
			defaultConfigurationIsVisible = 0;
			defaultConfigurationName = Release;
		};
/* End XCConfigurationList section */
	};
	rootObject = 30CB0CCF2E7B74CC007DC9E5 /* Project object */;
}
